
Microsoft Visual Studio Solution File, Format Version 11.00
# Visual Studio 2010
Project("{FAE04EC0-301F-11D3-BF4B-00C04F79EFBC}") = "PCRemote.UI", "PCRemote.UI\PCRemote.UI.csproj", "{95C08164-32C6-4DD9-917F-886C0821B6BC}"
EndProject
Project("{FAE04EC0-301F-11D3-BF4B-00C04F79EFBC}") = "PCRemote.Core", "PCRemote.Core\PCRemote.Core.csproj", "{16C31473-3884-41B5-818B-2E2230D4DD42}"
EndProject
Project("{FAE04EC0-301F-11D3-BF4B-00C04F79EFBC}") = "PCRemote.Tests", "PCRemote.Tests\PCRemote.Tests.csproj", "{C21E3D79-C061-4C20-9DF2-469380319E8D}"
EndProject
Project("{FAE04EC0-301F-11D3-BF4B-00C04F79EFBC}") = "PCRemote.DataAccess", "PCRemote.DataAccess\PCRemote.DataAccess.csproj", "{ABC3BCD7-422D-410F-8C29-DD36AC2F6CE2}"
EndProject
Project("{FAE04EC0-301F-11D3-BF4B-00C04F79EFBC}") = "WeiboSDK", "WeiboSDK\WeiboSDK\WeiboSDK.csproj", "{576ECAD6-DC4E-485B-B5AE-C1B23CDD4C59}"
EndProject
Project("{FAE04EC0-301F-11D3-BF4B-00C04F79EFBC}") = "WeiboSDK.UnitTests", "WeiboSDK\WeiboSDK.UnitTests\WeiboSDK.UnitTests.csproj", "{7CD1BBED-4E8F-4C94-B3AC-0E6D130D7469}"
EndProject
Global
	GlobalSection(SolutionConfigurationPlatforms) = preSolution
		Debug|Any CPU = Debug|Any CPU
		Debug|Mixed Platforms = Debug|Mixed Platforms
		Debug|x64 = Debug|x64
		Release|Any CPU = Release|Any CPU
		Release|Mixed Platforms = Release|Mixed Platforms
		Release|x64 = Release|x64
	EndGlobalSection
	GlobalSection(ProjectConfigurationPlatforms) = postSolution
		{95C08164-32C6-4DD9-917F-886C0821B6BC}.Debug|Any CPU.ActiveCfg = Debug|x86
		{95C08164-32C6-4DD9-917F-886C0821B6BC}.Debug|Any CPU.Build.0 = Debug|x86
		{95C08164-32C6-4DD9-917F-886C0821B6BC}.Debug|Mixed Platforms.ActiveCfg = Debug|x86
		{95C08164-32C6-4DD9-917F-886C0821B6BC}.Debug|Mixed Platforms.Build.0 = Debug|x86
		{95C08164-32C6-4DD9-917F-886C0821B6BC}.Debug|x64.ActiveCfg = Debug|x86
		{95C08164-32C6-4DD9-917F-886C0821B6BC}.Debug|x64.Build.0 = Debug|x86
		{95C08164-32C6-4DD9-917F-886C0821B6BC}.Release|Any CPU.ActiveCfg = Release|x86
		{95C08164-32C6-4DD9-917F-886C0821B6BC}.Release|Mixed Platforms.ActiveCfg = Release|x86
		{95C08164-32C6-4DD9-917F-886C0821B6BC}.Release|Mixed Platforms.Build.0 = Release|x86
		{95C08164-32C6-4DD9-917F-886C0821B6BC}.Release|x64.ActiveCfg = Release|x86
		{95C08164-32C6-4DD9-917F-886C0821B6BC}.Release|x64.Build.0 = Release|x86
		{16C31473-3884-41B5-818B-2E2230D4DD42}.Debug|Any CPU.ActiveCfg = Debug|Any CPU
		{16C31473-3884-41B5-818B-2E2230D4DD42}.Debug|Any CPU.Build.0 = Debug|Any CPU
		{16C31473-3884-41B5-818B-2E2230D4DD42}.Debug|Mixed Platforms.ActiveCfg = Debug|Any CPU
		{16C31473-3884-41B5-818B-2E2230D4DD42}.Debug|Mixed Platforms.Build.0 = Debug|Any CPU
		{16C31473-3884-41B5-818B-2E2230D4DD42}.Debug|x64.ActiveCfg = Debug|Any CPU
		{16C31473-3884-41B5-818B-2E2230D4DD42}.Debug|x64.Build.0 = Debug|Any CPU
		{16C31473-3884-41B5-818B-2E2230D4DD42}.Release|Any CPU.ActiveCfg = Release|Any CPU
		{16C31473-3884-41B5-818B-2E2230D4DD42}.Release|Any CPU.Build.0 = Release|Any CPU
		{16C31473-3884-41B5-818B-2E2230D4DD42}.Release|Mixed Platforms.ActiveCfg = Release|Any CPU
		{16C31473-3884-41B5-818B-2E2230D4DD42}.Release|Mixed Platforms.Build.0 = Release|Any CPU
		{16C31473-3884-41B5-818B-2E2230D4DD42}.Release|x64.ActiveCfg = Release|Any CPU
		{16C31473-3884-41B5-818B-2E2230D4DD42}.Release|x64.Build.0 = Release|Any CPU
		{C21E3D79-C061-4C20-9DF2-469380319E8D}.Debug|Any CPU.ActiveCfg = Debug|Any CPU
		{C21E3D79-C061-4C20-9DF2-469380319E8D}.Debug|Any CPU.Build.0 = Debug|Any CPU
		{C21E3D79-C061-4C20-9DF2-469380319E8D}.Debug|Mixed Platforms.ActiveCfg = Debug|Any CPU
		{C21E3D79-C061-4C20-9DF2-469380319E8D}.Debug|Mixed Platforms.Build.0 = Debug|Any CPU
		{C21E3D79-C061-4C20-9DF2-469380319E8D}.Debug|x64.ActiveCfg = Debug|Any CPU
		{C21E3D79-C061-4C20-9DF2-469380319E8D}.Debug|x64.Build.0 = Debug|Any CPU
		{C21E3D79-C061-4C20-9DF2-469380319E8D}.Release|Any CPU.ActiveCfg = Release|Any CPU
		{C21E3D79-C061-4C20-9DF2-469380319E8D}.Release|Any CPU.Build.0 = Release|Any CPU
		{C21E3D79-C061-4C20-9DF2-469380319E8D}.Release|Mixed Platforms.ActiveCfg = Release|Any CPU
		{C21E3D79-C061-4C20-9DF2-469380319E8D}.Release|Mixed Platforms.Build.0 = Release|Any CPU
		{C21E3D79-C061-4C20-9DF2-469380319E8D}.Release|x64.ActiveCfg = Release|Any CPU
		{C21E3D79-C061-4C20-9DF2-469380319E8D}.Release|x64.Build.0 = Release|Any CPU
		{ABC3BCD7-422D-410F-8C29-DD36AC2F6CE2}.Debug|Any CPU.ActiveCfg = Debug|Any CPU
		{ABC3BCD7-422D-410F-8C29-DD36AC2F6CE2}.Debug|Any CPU.Build.0 = Debug|Any CPU
		{ABC3BCD7-422D-410F-8C29-DD36AC2F6CE2}.Debug|Mixed Platforms.ActiveCfg = Debug|Any CPU
		{ABC3BCD7-422D-410F-8C29-DD36AC2F6CE2}.Debug|Mixed Platforms.Build.0 = Debug|Any CPU
		{ABC3BCD7-422D-410F-8C29-DD36AC2F6CE2}.Debug|x64.ActiveCfg = Debug|Any CPU
		{ABC3BCD7-422D-410F-8C29-DD36AC2F6CE2}.Debug|x64.Build.0 = Debug|Any CPU
		{ABC3BCD7-422D-410F-8C29-DD36AC2F6CE2}.Release|Any CPU.ActiveCfg = Release|Any CPU
		{ABC3BCD7-422D-410F-8C29-DD36AC2F6CE2}.Release|Any CPU.Build.0 = Release|Any CPU
		{ABC3BCD7-422D-410F-8C29-DD36AC2F6CE2}.Release|Mixed Platforms.ActiveCfg = Release|Any CPU
		{ABC3BCD7-422D-410F-8C29-DD36AC2F6CE2}.Release|Mixed Platforms.Build.0 = Release|Any CPU
		{ABC3BCD7-422D-410F-8C29-DD36AC2F6CE2}.Release|x64.ActiveCfg = Release|Any CPU
		{ABC3BCD7-422D-410F-8C29-DD36AC2F6CE2}.Release|x64.Build.0 = Release|Any CPU
		{576ECAD6-DC4E-485B-B5AE-C1B23CDD4C59}.Debug|Any CPU.ActiveCfg = Debug|Any CPU
		{576ECAD6-DC4E-485B-B5AE-C1B23CDD4C59}.Debug|Any CPU.Build.0 = Debug|Any CPU
		{576ECAD6-DC4E-485B-B5AE-C1B23CDD4C59}.Debug|Mixed Platforms.ActiveCfg = Debug|Any CPU
		{576ECAD6-DC4E-485B-B5AE-C1B23CDD4C59}.Debug|Mixed Platforms.Build.0 = Debug|Any CPU
		{576ECAD6-DC4E-485B-B5AE-C1B23CDD4C59}.Debug|x64.ActiveCfg = Debug|Any CPU
		{576ECAD6-DC4E-485B-B5AE-C1B23CDD4C59}.Debug|x64.Build.0 = Debug|Any CPU
		{576ECAD6-DC4E-485B-B5AE-C1B23CDD4C59}.Release|Any CPU.ActiveCfg = Release|Any CPU
		{576ECAD6-DC4E-485B-B5AE-C1B23CDD4C59}.Release|Any CPU.Build.0 = Release|Any CPU
		{576ECAD6-DC4E-485B-B5AE-C1B23CDD4C59}.Release|Mixed Platforms.ActiveCfg = Release|Any CPU
		{576ECAD6-DC4E-485B-B5AE-C1B23CDD4C59}.Release|Mixed Platforms.Build.0 = Release|Any CPU
		{576ECAD6-DC4E-485B-B5AE-C1B23CDD4C59}.Release|x64.ActiveCfg = Release|Any CPU
		{576ECAD6-DC4E-485B-B5AE-C1B23CDD4C59}.Release|x64.Build.0 = Release|Any CPU
		{7CD1BBED-4E8F-4C94-B3AC-0E6D130D7469}.Debug|Any CPU.ActiveCfg = Debug|Any CPU
		{7CD1BBED-4E8F-4C94-B3AC-0E6D130D7469}.Debug|Any CPU.Build.0 = Debug|Any CPU
		{7CD1BBED-4E8F-4C94-B3AC-0E6D130D7469}.Debug|Mixed Platforms.ActiveCfg = Debug|Any CPU
		{7CD1BBED-4E8F-4C94-B3AC-0E6D130D7469}.Debug|Mixed Platforms.Build.0 = Debug|Any CPU
		{7CD1BBED-4E8F-4C94-B3AC-0E6D130D7469}.Debug|x64.ActiveCfg = Debug|Any CPU
		{7CD1BBED-4E8F-4C94-B3AC-0E6D130D7469}.Debug|x64.Build.0 = Debug|Any CPU
		{7CD1BBED-4E8F-4C94-B3AC-0E6D130D7469}.Release|Any CPU.ActiveCfg = Release|Any CPU
		{7CD1BBED-4E8F-4C94-B3AC-0E6D130D7469}.Release|Any CPU.Build.0 = Release|Any CPU
		{7CD1BBED-4E8F-4C94-B3AC-0E6D130D7469}.Release|Mixed Platforms.ActiveCfg = Release|Any CPU
		{7CD1BBED-4E8F-4C94-B3AC-0E6D130D7469}.Release|Mixed Platforms.Build.0 = Release|Any CPU
		{7CD1BBED-4E8F-4C94-B3AC-0E6D130D7469}.Release|x64.ActiveCfg = Release|Any CPU
		{7CD1BBED-4E8F-4C94-B3AC-0E6D130D7469}.Release|x64.Build.0 = Release|Any CPU
	EndGlobalSection
	GlobalSection(SolutionProperties) = preSolution
		HideSolutionNode = FALSE
	EndGlobalSection
EndGlobal
